// !$*UTF8*$!
{
	archiveVersion = 1;
	classes = {
	};
	objectVersion = 46;
	objects = {

/* Begin PBXBuildFile section */
		1D3623260D0F684500981E51 /* AppDelegate.m in Sources */ = {isa = PBXBuildFile; fileRef = 1D3623250D0F684500981E51 /* AppDelegate.m */; };
		1D60589B0D05DD56006BFB54 /* main.m in Sources */ = {isa = PBXBuildFile; fileRef = 29B97316FDCFA39411CA2CEA /* main.m */; };
		1D60589F0D05DD5A006BFB54 /* Foundation.framework in Frameworks */ = {isa = PBXBuildFile; fileRef = 1D30AB110D05D00D00671497 /* Foundation.framework */; };
		1DF5F4E00D08C38300B7A737 /* UIKit.framework in Frameworks */ = {isa = PBXBuildFile; fileRef = 1DF5F4DF0D08C38300B7A737 /* UIKit.framework */; };
		AA2B6F21132F11520098E285 /* Settings.bundle in Resources */ = {isa = PBXBuildFile; fileRef = AA2B6F20132F11520098E285 /* Settings.bundle */; };
		AA2C47D2133101AC008FDE01 /* HSK_CFUtilities.m in Sources */ = {isa = PBXBuildFile; fileRef = AA2C47CD133101AC008FDE01 /* HSK_CFUtilities.m */; };
		AA2C47D3133101AC008FDE01 /* NSStream+SKPSMTPExtensions.m in Sources */ = {isa = PBXBuildFile; fileRef = AA2C47CF133101AC008FDE01 /* NSStream+SKPSMTPExtensions.m */; };
		AA2C47D4133101AC008FDE01 /* SKPSMTPMessage.m in Sources */ = {isa = PBXBuildFile; fileRef = AA2C47D1133101AC008FDE01 /* SKPSMTPMessage.m */; };
		BC06F8EA1F4F18E6001CC2F7 /* Main.storyboard in Resources */ = {isa = PBXBuildFile; fileRef = BC06F8E91F4F18E6001CC2F7 /* Main.storyboard */; };
		BC06F8ED1F4F19D0001CC2F7 /* ViewController.m in Sources */ = {isa = PBXBuildFile; fileRef = BC06F8EC1F4F19D0001CC2F7 /* ViewController.m */; };
		BC7BBD7E1F4F15B600F668C6 /* Mailer.m in Sources */ = {isa = PBXBuildFile; fileRef = BC7BBD7D1F4F15B600F668C6 /* Mailer.m */; };
		C801FEF49EF420DC674BBDF8 /* libPods-SMTPSender.a in Frameworks */ = {isa = PBXBuildFile; fileRef = 880CC76CAF019D3876695D6F /* libPods-SMTPSender.a */; };
		F1A6ABD80EB6E95300BA50E8 /* CFNetwork.framework in Frameworks */ = {isa = PBXBuildFile; fileRef = F1A6ABD70EB6E95300BA50E8 /* CFNetwork.framework */; };
		F1A6ACC90EB7B2B300BA50E8 /* test.vcf in Resources */ = {isa = PBXBuildFile; fileRef = F1A6ACC80EB7B2B300BA50E8 /* test.vcf */; };
/* End PBXBuildFile section */

/* Begin PBXFileReference section */
		1D30AB110D05D00D00671497 /* Foundation.framework */ = {isa = PBXFileReference; lastKnownFileType = wrapper.framework; name = Foundation.framework; path = System/Library/Frameworks/Foundation.framework; sourceTree = SDKROOT; };
		1D3623240D0F684500981E51 /* AppDelegate.h */ = {isa = PBXFileReference; fileEncoding = 4; lastKnownFileType = sourcecode.c.h; path = AppDelegate.h; sourceTree = "<group>"; };
		1D3623250D0F684500981E51 /* AppDelegate.m */ = {isa = PBXFileReference; fileEncoding = 4; lastKnownFileType = sourcecode.c.objc; path = AppDelegate.m; sourceTree = "<group>"; };
		1D6058910D05DD3D006BFB54 /* SMTPSender.app */ = {isa = PBXFileReference; explicitFileType = wrapper.application; includeInIndex = 0; path = SMTPSender.app; sourceTree = BUILT_PRODUCTS_DIR; };
		1DF5F4DF0D08C38300B7A737 /* UIKit.framework */ = {isa = PBXFileReference; lastKnownFileType = wrapper.framework; name = UIKit.framework; path = System/Library/Frameworks/UIKit.framework; sourceTree = SDKROOT; };
		29B97316FDCFA39411CA2CEA /* main.m */ = {isa = PBXFileReference; fileEncoding = 4; lastKnownFileType = sourcecode.c.objc; path = main.m; sourceTree = "<group>"; };
		32CA4F630368D1EE00C91783 /* SMTPSender_Prefix.pch */ = {isa = PBXFileReference; fileEncoding = 4; lastKnownFileType = sourcecode.c.h; path = SMTPSender_Prefix.pch; sourceTree = "<group>"; };
		403E924FC0F754C828F2E3A3 /* Pods-SMTPSender.debug.xcconfig */ = {isa = PBXFileReference; includeInIndex = 1; lastKnownFileType = text.xcconfig; name = "Pods-SMTPSender.debug.xcconfig"; path = "Pods/Target Support Files/Pods-SMTPSender/Pods-SMTPSender.debug.xcconfig"; sourceTree = "<group>"; };
		4DD0EAF4941C9285EF702E32 /* Pods-SMTPSender.release.xcconfig */ = {isa = PBXFileReference; includeInIndex = 1; lastKnownFileType = text.xcconfig; name = "Pods-SMTPSender.release.xcconfig"; path = "Pods/Target Support Files/Pods-SMTPSender/Pods-SMTPSender.release.xcconfig"; sourceTree = "<group>"; };
		880CC76CAF019D3876695D6F /* libPods-SMTPSender.a */ = {isa = PBXFileReference; explicitFileType = archive.ar; includeInIndex = 0; path = "libPods-SMTPSender.a"; sourceTree = BUILT_PRODUCTS_DIR; };
		8D1107310486CEB800E47090 /* Info.plist */ = {isa = PBXFileReference; fileEncoding = 4; lastKnownFileType = text.plist.xml; path = Info.plist; sourceTree = "<group>"; };
		AA2B6F20132F11520098E285 /* Settings.bundle */ = {isa = PBXFileReference; lastKnownFileType = "wrapper.plug-in"; path = Settings.bundle; sourceTree = "<group>"; };
		AA2C47CC133101AC008FDE01 /* HSK_CFUtilities.h */ = {isa = PBXFileReference; fileEncoding = 4; lastKnownFileType = sourcecode.c.h; name = HSK_CFUtilities.h; path = ../SMTPLibrary/HSK_CFUtilities.h; sourceTree = SOURCE_ROOT; };
		AA2C47CD133101AC008FDE01 /* HSK_CFUtilities.m */ = {isa = PBXFileReference; fileEncoding = 4; lastKnownFileType = sourcecode.c.objc; name = HSK_CFUtilities.m; path = ../SMTPLibrary/HSK_CFUtilities.m; sourceTree = SOURCE_ROOT; };
		AA2C47CE133101AC008FDE01 /* NSStream+SKPSMTPExtensions.h */ = {isa = PBXFileReference; fileEncoding = 4; lastKnownFileType = sourcecode.c.h; name = "NSStream+SKPSMTPExtensions.h"; path = "../SMTPLibrary/NSStream+SKPSMTPExtensions.h"; sourceTree = SOURCE_ROOT; };
		AA2C47CF133101AC008FDE01 /* NSStream+SKPSMTPExtensions.m */ = {isa = PBXFileReference; fileEncoding = 4; lastKnownFileType = sourcecode.c.objc; name = "NSStream+SKPSMTPExtensions.m"; path = "../SMTPLibrary/NSStream+SKPSMTPExtensions.m"; sourceTree = SOURCE_ROOT; };
		AA2C47D0133101AC008FDE01 /* SKPSMTPMessage.h */ = {isa = PBXFileReference; fileEncoding = 4; lastKnownFileType = sourcecode.c.h; name = SKPSMTPMessage.h; path = ../SMTPLibrary/SKPSMTPMessage.h; sourceTree = SOURCE_ROOT; };
		AA2C47D1133101AC008FDE01 /* SKPSMTPMessage.m */ = {isa = PBXFileReference; fileEncoding = 4; lastKnownFileType = sourcecode.c.objc; name = SKPSMTPMessage.m; path = ../SMTPLibrary/SKPSMTPMessage.m; sourceTree = SOURCE_ROOT; };
		BC06F8E91F4F18E6001CC2F7 /* Main.storyboard */ = {isa = PBXFileReference; fileEncoding = 4; lastKnownFileType = file.storyboard; path = Main.storyboard; sourceTree = "<group>"; };
		BC06F8EB1F4F19D0001CC2F7 /* ViewController.h */ = {isa = PBXFileReference; fileEncoding = 4; lastKnownFileType = sourcecode.c.h; path = ViewController.h; sourceTree = "<group>"; };
		BC06F8EC1F4F19D0001CC2F7 /* ViewController.m */ = {isa = PBXFileReference; fileEncoding = 4; lastKnownFileType = sourcecode.c.objc; path = ViewController.m; sourceTree = "<group>"; };
		BC7BBD7C1F4F15B600F668C6 /* Mailer.h */ = {isa = PBXFileReference; fileEncoding = 4; lastKnownFileType = sourcecode.c.h; path = Mailer.h; sourceTree = "<group>"; };
		BC7BBD7D1F4F15B600F668C6 /* Mailer.m */ = {isa = PBXFileReference; fileEncoding = 4; lastKnownFileType = sourcecode.c.objc; path = Mailer.m; sourceTree = "<group>"; };
		F1A6ABD70EB6E95300BA50E8 /* CFNetwork.framework */ = {isa = PBXFileReference; lastKnownFileType = wrapper.framework; name = CFNetwork.framework; path = System/Library/Frameworks/CFNetwork.framework; sourceTree = SDKROOT; };
		F1A6ACC80EB7B2B300BA50E8 /* test.vcf */ = {isa = PBXFileReference; fileEncoding = 4; lastKnownFileType = text; path = test.vcf; sourceTree = "<group>"; };
/* End PBXFileReference section */

/* Begin PBXFrameworksBuildPhase section */
		1D60588F0D05DD3D006BFB54 /* Frameworks */ = {
			isa = PBXFrameworksBuildPhase;
			buildActionMask = 2147483647;
			files = (
				1D60589F0D05DD5A006BFB54 /* Foundation.framework in Frameworks */,
				1DF5F4E00D08C38300B7A737 /* UIKit.framework in Frameworks */,
				F1A6ABD80EB6E95300BA50E8 /* CFNetwork.framework in Frameworks */,
				C801FEF49EF420DC674BBDF8 /* libPods-SMTPSender.a in Frameworks */,
			);
			runOnlyForDeploymentPostprocessing = 0;
		};
/* End PBXFrameworksBuildPhase section */

/* Begin PBXGroup section */
		080E96DDFE201D6D7F000001 /* UIClasses */ = {
			isa = PBXGroup;
			children = (
				BC7BBD7C1F4F15B600F668C6 /* Mailer.h */,
				BC7BBD7D1F4F15B600F668C6 /* Mailer.m */,
				1D3623240D0F684500981E51 /* AppDelegate.h */,
				1D3623250D0F684500981E51 /* AppDelegate.m */,
				BC06F8EB1F4F19D0001CC2F7 /* ViewController.h */,
				BC06F8EC1F4F19D0001CC2F7 /* ViewController.m */,
			);
			name = UIClasses;
			path = Classes;
			sourceTree = "<group>";
		};
		19C28FACFE9D520D11CA2CBB /* Products */ = {
			isa = PBXGroup;
			children = (
				1D6058910D05DD3D006BFB54 /* SMTPSender.app */,
			);
			name = Products;
			sourceTree = "<group>";
		};
		29B97314FDCFA39411CA2CEA = {
			isa = PBXGroup;
			children = (
				F1123CAD0EB8F89100DED5A8 /* Email (refresh from Handshake!) */,
				080E96DDFE201D6D7F000001 /* UIClasses */,
				29B97315FDCFA39411CA2CEA /* Other Sources */,
				29B97317FDCFA39411CA2CEA /* Resources */,
				29B97323FDCFA39411CA2CEA /* Frameworks */,
				19C28FACFE9D520D11CA2CBB /* Products */,
				585A427F0A704FE555B97758 /* Pods */,
			);
			name = CustomTemplate;
			sourceTree = "<group>";
		};
		29B97315FDCFA39411CA2CEA /* Other Sources */ = {
			isa = PBXGroup;
			children = (
				32CA4F630368D1EE00C91783 /* SMTPSender_Prefix.pch */,
				29B97316FDCFA39411CA2CEA /* main.m */,
			);
			name = "Other Sources";
			sourceTree = "<group>";
		};
		29B97317FDCFA39411CA2CEA /* Resources */ = {
			isa = PBXGroup;
			children = (
				AA2B6F20132F11520098E285 /* Settings.bundle */,
				F1A6ACC80EB7B2B300BA50E8 /* test.vcf */,
				8D1107310486CEB800E47090 /* Info.plist */,
				BC06F8E91F4F18E6001CC2F7 /* Main.storyboard */,
			);
			name = Resources;
			sourceTree = "<group>";
		};
		29B97323FDCFA39411CA2CEA /* Frameworks */ = {
			isa = PBXGroup;
			children = (
				F1A6ABD70EB6E95300BA50E8 /* CFNetwork.framework */,
				1DF5F4DF0D08C38300B7A737 /* UIKit.framework */,
				1D30AB110D05D00D00671497 /* Foundation.framework */,
				880CC76CAF019D3876695D6F /* libPods-SMTPSender.a */,
			);
			name = Frameworks;
			sourceTree = "<group>";
		};
		585A427F0A704FE555B97758 /* Pods */ = {
			isa = PBXGroup;
			children = (
				403E924FC0F754C828F2E3A3 /* Pods-SMTPSender.debug.xcconfig */,
				4DD0EAF4941C9285EF702E32 /* Pods-SMTPSender.release.xcconfig */,
			);
			name = Pods;
			sourceTree = "<group>";
		};
		F1123CAD0EB8F89100DED5A8 /* Email (refresh from Handshake!) */ = {
			isa = PBXGroup;
			children = (
				AA2C47CC133101AC008FDE01 /* HSK_CFUtilities.h */,
				AA2C47CD133101AC008FDE01 /* HSK_CFUtilities.m */,
				AA2C47CE133101AC008FDE01 /* NSStream+SKPSMTPExtensions.h */,
				AA2C47CF133101AC008FDE01 /* NSStream+SKPSMTPExtensions.m */,
				AA2C47D0133101AC008FDE01 /* SKPSMTPMessage.h */,
				AA2C47D1133101AC008FDE01 /* SKPSMTPMessage.m */,
			);
			name = "Email (refresh from Handshake!)";
			path = Classes;
			sourceTree = "<group>";
		};
/* End PBXGroup section */

/* Begin PBXNativeTarget section */
		1D6058900D05DD3D006BFB54 /* SMTPSender */ = {
			isa = PBXNativeTarget;
			buildConfigurationList = 1D6058960D05DD3E006BFB54 /* Build configuration list for PBXNativeTarget "SMTPSender" */;
			buildPhases = (
				FA20C1D5DED16086C5F4CFB1 /* [CP] Check Pods Manifest.lock */,
				1D60588D0D05DD3D006BFB54 /* Resources */,
				1D60588E0D05DD3D006BFB54 /* Sources */,
				1D60588F0D05DD3D006BFB54 /* Frameworks */,
				D0E219D5D8F38007FA6D3464 /* [CP] Embed Pods Frameworks */,
				0AC7D7505A33A0F5C91D49E1 /* [CP] Copy Pods Resources */,
			);
			buildRules = (
			);
			dependencies = (
			);
			name = SMTPSender;
			productName = SMTPSender;
			productReference = 1D6058910D05DD3D006BFB54 /* SMTPSender.app */;
			productType = "com.apple.product-type.application";
		};
/* End PBXNativeTarget section */

/* Begin PBXProject section */
		29B97313FDCFA39411CA2CEA /* Project object */ = {
			isa = PBXProject;
			attributes = {
				LastUpgradeCheck = 0830;
			};
			buildConfigurationList = C01FCF4E08A954540054247B /* Build configuration list for PBXProject "SMTPSender" */;
			compatibilityVersion = "Xcode 3.2";
			developmentRegion = English;
			hasScannedForEncodings = 1;
			knownRegions = (
				en,
			);
			mainGroup = 29B97314FDCFA39411CA2CEA;
			productRefGroup = 19C28FACFE9D520D11CA2CBB /* Products */;
			projectDirPath = "";
			projectRoot = "";
			targets = (
				1D6058900D05DD3D006BFB54 /* SMTPSender */,
			);
		};
/* End PBXProject section */

/* Begin PBXResourcesBuildPhase section */
		1D60588D0D05DD3D006BFB54 /* Resources */ = {
			isa = PBXResourcesBuildPhase;
			buildActionMask = 2147483647;
			files = (
				F1A6ACC90EB7B2B300BA50E8 /* test.vcf in Resources */,
				AA2B6F21132F11520098E285 /* Settings.bundle in Resources */,
				BC06F8EA1F4F18E6001CC2F7 /* Main.storyboard in Resources */,
			);
			runOnlyForDeploymentPostprocessing = 0;
		};
/* End PBXResourcesBuildPhase section */

/* Begin PBXShellScriptBuildPhase section */
		0AC7D7505A33A0F5C91D49E1 /* [CP] Copy Pods Resources */ = {
			isa = PBXShellScriptBuildPhase;
			buildActionMask = 2147483647;
			files = (
			);
			inputPaths = (
			);
			name = "[CP] Copy Pods Resources";
			outputPaths = (
			);
			runOnlyForDeploymentPostprocessing = 0;
			shellPath = /bin/sh;
			shellScript = "\"${SRCROOT}/Pods/Target Support Files/Pods-SMTPSender/Pods-SMTPSender-resources.sh\"\n";
			showEnvVarsInLog = 0;
		};
		D0E219D5D8F38007FA6D3464 /* [CP] Embed Pods Frameworks */ = {
			isa = PBXShellScriptBuildPhase;
			buildActionMask = 2147483647;
			files = (
			);
			inputPaths = (
			);
			name = "[CP] Embed Pods Frameworks";
			outputPaths = (
			);
			runOnlyForDeploymentPostprocessing = 0;
			shellPath = /bin/sh;
			shellScript = "\"${SRCROOT}/Pods/Target Support Files/Pods-SMTPSender/Pods-SMTPSender-frameworks.sh\"\n";
			showEnvVarsInLog = 0;
		};
		FA20C1D5DED16086C5F4CFB1 /* [CP] Check Pods Manifest.lock */ = {
			isa = PBXShellScriptBuildPhase;
			buildActionMask = 2147483647;
			files = (
			);
			inputPaths = (
				"${PODS_PODFILE_DIR_PATH}/Podfile.lock",
				"${PODS_ROOT}/Manifest.lock",
			);
			name = "[CP] Check Pods Manifest.lock";
			outputPaths = (
				"$(DERIVED_FILE_DIR)/Pods-SMTPSender-checkManifestLockResult.txt",
			);
			runOnlyForDeploymentPostprocessing = 0;
			shellPath = /bin/sh;
			shellScript = "diff \"${PODS_PODFILE_DIR_PATH}/Podfile.lock\" \"${PODS_ROOT}/Manifest.lock\" > /dev/null\nif [ $? != 0 ] ; then\n    # print error to STDERR\n    echo \"error: The sandbox is not in sync with the Podfile.lock. Run 'pod install' or update your CocoaPods installation.\" >&2\n    exit 1\nfi\n# This output is used by Xcode 'outputs' to avoid re-running this script phase.\necho \"SUCCESS\" > \"${SCRIPT_OUTPUT_FILE_0}\"\n";
			showEnvVarsInLog = 0;
		};
/* End PBXShellScriptBuildPhase section */

/* Begin PBXSourcesBuildPhase section */
		1D60588E0D05DD3D006BFB54 /* Sources */ = {
			isa = PBXSourcesBuildPhase;
			buildActionMask = 2147483647;
			files = (
				BC06F8ED1F4F19D0001CC2F7 /* ViewController.m in Sources */,
				1D60589B0D05DD56006BFB54 /* main.m in Sources */,
				BC7BBD7E1F4F15B600F668C6 /* Mailer.m in Sources */,
				1D3623260D0F684500981E51 /* AppDelegate.m in Sources */,
				AA2C47D2133101AC008FDE01 /* HSK_CFUtilities.m in Sources */,
				AA2C47D3133101AC008FDE01 /* NSStream+SKPSMTPExtensions.m in Sources */,
				AA2C47D4133101AC008FDE01 /* SKPSMTPMessage.m in Sources */,
			);
			runOnlyForDeploymentPostprocessing = 0;
		};
/* End PBXSourcesBuildPhase section */

/* Begin XCBuildConfiguration section */
		1D6058940D05DD3E006BFB54 /* Debug */ = {
			isa = XCBuildConfiguration;
			baseConfigurationReference = 403E924FC0F754C828F2E3A3 /* Pods-SMTPSender.debug.xcconfig */;
			buildSettings = {
				ALWAYS_SEARCH_USER_PATHS = NO;
				CLANG_ENABLE_OBJC_ARC = YES;
				COPY_PHASE_STRIP = NO;
				GCC_DYNAMIC_NO_PIC = NO;
				GCC_OPTIMIZATION_LEVEL = 0;
				GCC_PRECOMPILE_PREFIX_HEADER = YES;
				GCC_PREFIX_HEADER = SMTPSender_Prefix.pch;
				INFOPLIST_FILE = Info.plist;
				OTHER_LDFLAGS = "-all_load";
				PRODUCT_BUNDLE_IDENTIFIER = "com.yourcompany.${PRODUCT_NAME:identifier}";
				PRODUCT_NAME = SMTPSender;
			};
			name = Debug;
		};
		1D6058950D05DD3E006BFB54 /* Release */ = {
			isa = XCBuildConfiguration;
			baseConfigurationReference = 4DD0EAF4941C9285EF702E32 /* Pods-SMTPSender.release.xcconfig */;
			buildSettings = {
				ALWAYS_SEARCH_USER_PATHS = NO;
				CLANG_ENABLE_OBJC_ARC = YES;
				COPY_PHASE_STRIP = YES;
				GCC_PRECOMPILE_PREFIX_HEADER = YES;
				GCC_PREFIX_HEADER = SMTPSender_Prefix.pch;
				INFOPLIST_FILE = Info.plist;
				OTHER_LDFLAGS = "-all_load";
				PRODUCT_BUNDLE_IDENTIFIER = "com.yourcompany.${PRODUCT_NAME:identifier}";
				PRODUCT_NAME = SMTPSender;
			};
			name = Release;
		};
		C01FCF4F08A954540054247B /* Debug */ = {
			isa = XCBuildConfiguration;
			buildSettings = {
				CLANG_ENABLE_OBJC_ARC = YES;
				CLANG_WARN_BOOL_CONVERSION = YES;
				CLANG_WARN_CONSTANT_CONVERSION = YES;
				CLANG_WARN_EMPTY_BODY = YES;
				CLANG_WARN_ENUM_CONVERSION = YES;
				CLANG_WARN_INFINITE_RECURSION = YES;
				CLANG_WARN_INT_CONVERSION = YES;
				CLANG_WARN_SUSPICIOUS_MOVE = YES;
				CLANG_WARN_UNREACHABLE_CODE = YES;
				CLANG_WARN__DUPLICATE_METHOD_MATCH = YES;
				"CODE_SIGN_IDENTITY[sdk=iphoneos*]" = "iPhone Developer";
				ENABLE_STRICT_OBJC_MSGSEND = YES;
				ENABLE_TESTABILITY = YES;
				GCC_C_LANGUAGE_STANDARD = c99;
				GCC_NO_COMMON_BLOCKS = YES;
				GCC_WARN_64_TO_32_BIT_CONVERSION = YES;
				GCC_WARN_ABOUT_RETURN_TYPE = YES;
				GCC_WARN_UNDECLARED_SELECTOR = YES;
				GCC_WARN_UNINITIALIZED_AUTOS = YES;
				GCC_WARN_UNUSED_FUNCTION = YES;
				GCC_WARN_UNUSED_VARIABLE = YES;
				IPHONEOS_DEPLOYMENT_TARGET = 8.0;
				ONLY_ACTIVE_ARCH = YES;
				SDKROOT = iphoneos;
			};
			name = Debug;
		};
		C01FCF5008A954540054247B /* Release */ = {
			isa = XCBuildConfiguration;
			buildSettings = {
				CLANG_ENABLE_OBJC_ARC = YES;
				CLANG_WARN_BOOL_CONVERSION = YES;
				CLANG_WARN_CONSTANT_CONVERSION = YES;
				CLANG_WARN_EMPTY_BODY = YES;
				CLANG_WARN_ENUM_CONVERSION = YES;
				CLANG_WARN_INFINITE_RECURSION = YES;
				CLANG_WARN_INT_CONVERSION = YES;
				CLANG_WARN_SUSPICIOUS_MOVE = YES;
				CLANG_WARN_UNREACHABLE_CODE = YES;
				CLANG_WARN__DUPLICATE_METHOD_MATCH = YES;
				"CODE_SIGN_IDENTITY[sdk=iphoneos*]" = "iPhone Developer";
				ENABLE_STRICT_OBJC_MSGSEND = YES;
				GCC_C_LANGUAGE_STANDARD = c99;
				GCC_NO_COMMON_BLOCKS = YES;
				GCC_PREPROCESSOR_DEFINITIONS_NOT_USED_IN_PRECOMPS = NS_BLOCK_ASSERTIONS;
				GCC_WARN_64_TO_32_BIT_CONVERSION = YES;
				GCC_WARN_ABOUT_RETURN_TYPE = YES;
				GCC_WARN_UNDECLARED_SELECTOR = YES;
				GCC_WARN_UNINITIALIZED_AUTOS = YES;
				GCC_WARN_UNUSED_FUNCTION = YES;
				GCC_WARN_UNUSED_VARIABLE = YES;
				IPHONEOS_DEPLOYMENT_TARGET = 8.0;
				SDKROOT = iphoneos;
			};
			name = Release;
		};
/* End XCBuildConfiguration section */

/* Begin XCConfigurationList section */
		1D6058960D05DD3E006BFB54 /* Build configuration list for PBXNativeTarget "SMTPSender" */ = {
			isa = XCConfigurationList;
			buildConfigurations = (
				1D6058940D05DD3E006BFB54 /* Debug */,
				1D6058950D05DD3E006BFB54 /* Release */,
			);
			defaultConfigurationIsVisible = 0;
			defaultConfigurationName = Release;
		};
		C01FCF4E08A954540054247B /* Build configuration list for PBXProject "SMTPSender" */ = {
			isa = XCConfigurationList;
			buildConfigurations = (
				C01FCF4F08A954540054247B /* Debug */,
				C01FCF5008A954540054247B /* Release */,
			);
			defaultConfigurationIsVisible = 0;
			defaultConfigurationName = Release;
		};
/* End XCConfigurationList section */
	};
	rootObject = 29B97313FDCFA39411CA2CEA /* Project object */;
}
